{
  "name": "obsidian-high-recall",
  "version": "0.2.0",
  "lockfileVersion": 3,
  "requires": true,
  "packages": {
    "": {
      "name": "obsidian-high-recall",
      "version": "0.2.0",
      "license": "MIT",
      "bin": {
        "obsidian-high-recall": "skills/obsidian-high-recall/scripts/obsidian_high_recall.mjs",
        "obsidian-high-recall-eval": "skills/obsidian-high-recall/scripts/evaluate_recall.mjs"
      },
      "engines": {
        "node": ">=20"
      }
    }
  }
}
